
Microsoft Visual Studio Solution File, Format Version 12.00
# Visual Studio Version 16
VisualStudioVersion = 16.0.31019.35
MinimumVisualStudioVersion = 10.0.40219.1
Project("{FAE04EC0-301F-11D3-BF4B-00C04F79EFBC}") = "Afan31is", "Afan31is\Afan31is.csproj", "{70CB5328-E6C4-4F86-9F4E-08177F329046}"
EndProject
Global
	GlobalSection(SolutionConfigurationPlatforms) = preSolution
		Debug|Any CPU = Debug|Any CPU
		Release|Any CPU = Release|Any CPU
	EndGlobalSection
	GlobalSection(ProjectConfigurationPlatforms) = postSolution
		{70CB5328-E6C4-4F86-9F4E-08177F329046}.Debug|Any CPU.ActiveCfg = Debug|Any CPU
		{70CB5328-E6C4-4F86-9F4E-08177F329046}.Debug|Any CPU.Build.0 = Debug|Any CPU
		{70CB5328-E6C4-4F86-9F4E-08177F329046}.Release|Any CPU.ActiveCfg = Release|Any CPU
		{70CB5328-E6C4-4F86-9F4E-08177F329046}.Release|Any CPU.Build.0 = Release|Any CPU
	EndGlobalSection
	GlobalSection(SolutionProperties) = preSolution
		HideSolutionNode = FALSE
	EndGlobalSection
	GlobalSection(ExtensibilityGlobals) = postSolution
		SolutionGuid = {AE2F43C3-E658-4795-8BD0-9D435ECEB1CB}
	EndGlobalSection
EndGlobal
